<?xml version="1.0" encoding="utf-8"?>
<Project ToolsVersion="4.0" xmlns="http://schemas.microsoft.com/developer/msbuild/2003">
  <ItemGroup>
    <Filter Include="Source Files">
      <UniqueIdentifier>{4FC737F1-C7A5-4376-A066-2A32D752A2FF}</UniqueIdentifier>
      <Extensions>cpp;c;cc;cxx;c++;cppm;ixx;def;odl;idl;hpj;bat;asm;asmx</Extensions>
    </Filter>
    <Filter Include="Header Files">
      <UniqueIdentifier>{93995380-89BD-4b04-88EB-625FBE52EBFB}</UniqueIdentifier>
      <Extensions>h;hh;hpp;hxx;h++;hm;inl;inc;ipp;xsd</Extensions>
    </Filter>
    <Filter Include="Resource Files">
      <UniqueIdentifier>{67DA6AB6-F800-4c08-8B7A-83BB121AAD01}</UniqueIdentifier>
      <Extensions>rc;ico;cur;bmp;dlg;rc2;rct;bin;rgs;gif;jpg;jpeg;jpe;resx;tiff;tif;png;wav;mfcribbon-ms</Extensions>
    </Filter>
  </ItemGroup>
  <ItemGroup>
    <ClInclude Include="framework.h">
      <Filter>Header Files</Filter>
    </ClInclude>
    <ClInclude Include="targetver.h">
      <Filter>Header Files</Filter>
    </ClInclude>
    <ClInclude Include="Resource.h">
      <Filter>Header Files</Filter>
    </ClInclude>
    <ClInclude Include="PuppyCrossingGame.h">
      <Filter>Header Files</Filter>
    </ClInclude>
    <ClInclude Include="Entity.h">
      <Filter>Header Files</Filter>
    </ClInclude>
    <ClInclude Include="Shape.h">
      <Filter>Header Files</Filter>
    </ClInclude>
    <ClInclude Include="Character.h">
      <Filter>Header Files</Filter>
    </ClInclude>
    <ClInclude Include="Obstacle.h">
      <Filter>Header Files</Filter>
    </ClInclude>
    <ClInclude Include="Animal.h">
      <Filter>Header Files</Filter>
    </ClInclude>
    <ClInclude Include="ObstacleFactory.h">
      <Filter>Header Files</Filter>
    </ClInclude>
    <ClInclude Include="SpringFactory.h">
      <Filter>Header Files</Filter>
    </ClInclude>
    <ClInclude Include="Lane.h">
      <Filter>Header Files</Filter>
    </ClInclude>
    <ClInclude Include="GrassLane.h">
      <Filter>Header Files</Filter>
    </ClInclude>
    <ClInclude Include="Map.h">
      <Filter>Header Files</Filter>
    </ClInclude>
    <ClInclude Include="SpringMap.h">
      <Filter>Header Files</Filter>
    </ClInclude>
    <ClInclude Include="RenderState.h">
      <Filter>Header Files</Filter>
    </ClInclude>
    <ClInclude Include="renderer.h">
      <Filter>Header Files</Filter>
    </ClInclude>
    <ClInclude Include="Global.h">
      <Filter>Header Files</Filter>
    </ClInclude>
    <ClInclude Include="LaneFactory.h">
      <Filter>Header Files</Filter>
    </ClInclude>
    <ClInclude Include="AsphaltObstacleFactory.h">
      <Filter>Header Files</Filter>
    </ClInclude>
    <ClInclude Include="GrassObstacleFactory.h">
      <Filter>Header Files</Filter>
    </ClInclude>
    <ClInclude Include="RailObstacleFactory.h">
      <Filter>Header Files</Filter>
    </ClInclude>
    <ClInclude Include="CarObstacle.h">
      <Filter>Header Files</Filter>
    </ClInclude>
    <ClInclude Include="BusObstacle.h">
      <Filter>Header Files</Filter>
    </ClInclude>
    <ClInclude Include="TrainObstacle.h">
      <Filter>Header Files</Filter>
    </ClInclude>
    <ClInclude Include="AsphaltLane.h">
      <Filter>Header Files</Filter>
    </ClInclude>
    <ClInclude Include="GrassObstacle.h">
      <Filter>Header Files</Filter>
    </ClInclude>
    <ClInclude Include="AsphaltLaneFactory.h">
      <Filter>Header Files</Filter>
    </ClInclude>
  </ItemGroup>
  <ItemGroup>
    <ClCompile Include="PuppyCrossingGame.cpp">
      <Filter>Source Files</Filter>
    </ClCompile>
    <ClCompile Include="Entity.cpp">
      <Filter>Source Files</Filter>
    </ClCompile>
    <ClCompile Include="Shape.cpp">
      <Filter>Source Files</Filter>
    </ClCompile>
    <ClCompile Include="Character.cpp">
      <Filter>Source Files</Filter>
    </ClCompile>
    <ClCompile Include="Obstacle.cpp">
      <Filter>Source Files</Filter>
    </ClCompile>
    <ClCompile Include="Animal.cpp">
      <Filter>Source Files</Filter>
    </ClCompile>
    <ClCompile Include="ObstacleFactory.cpp">
      <Filter>Source Files</Filter>
    </ClCompile>
    <ClCompile Include="SpringFactory.cpp">
      <Filter>Source Files</Filter>
    </ClCompile>
    <ClCompile Include="Lane.cpp">
      <Filter>Source Files</Filter>
    </ClCompile>
    <ClCompile Include="GrassLane.cpp">
      <Filter>Source Files</Filter>
    </ClCompile>
    <ClCompile Include="Map.cpp">
      <Filter>Source Files</Filter>
    </ClCompile>
    <ClCompile Include="SpringMap.cpp">
      <Filter>Source Files</Filter>
    </ClCompile>
    <ClCompile Include="RenderState.cpp">
      <Filter>Source Files</Filter>
    </ClCompile>
    <ClCompile Include="renderer.cpp">
      <Filter>Source Files</Filter>
    </ClCompile>
    <ClCompile Include="Global.cpp">
      <Filter>Source Files</Filter>
    </ClCompile>
    <ClCompile Include="LaneFactory.cpp">
      <Filter>Source Files</Filter>
    </ClCompile>
    <ClCompile Include="AsphaltObstacleFactory.cpp">
      <Filter>Source Files</Filter>
    </ClCompile>
    <ClCompile Include="GrassObstacleFactory.cpp">
      <Filter>Source Files</Filter>
    </ClCompile>
    <ClCompile Include="RailObstacleFactory.cpp">
      <Filter>Source Files</Filter>
    </ClCompile>
    <ClCompile Include="CarObstacle.cpp">
      <Filter>Source Files</Filter>
    </ClCompile>
    <ClCompile Include="BusObstacle.cpp">
      <Filter>Source Files</Filter>
    </ClCompile>
    <ClCompile Include="TrainObstacle.cpp">
      <Filter>Source Files</Filter>
    </ClCompile>
    <ClCompile Include="AsphaltLane.cpp">
      <Filter>Source Files</Filter>
    </ClCompile>
    <ClCompile Include="GrassObstacle.cpp">
      <Filter>Source Files</Filter>
    </ClCompile>
    <ClCompile Include="AsphaltLaneFactory.cpp">
      <Filter>Source Files</Filter>
    </ClCompile>
  </ItemGroup>
  <ItemGroup>
    <ResourceCompile Include="PuppyCrossingGame.rc">
      <Filter>Resource Files</Filter>
    </ResourceCompile>
  </ItemGroup>
  <ItemGroup>
    <Image Include="small.ico">
      <Filter>Resource Files</Filter>
    </Image>
    <Image Include="PuppyCrossingGame.ico">
      <Filter>Resource Files</Filter>
    </Image>
  </ItemGroup>
</Project>